
Microsoft Visual Studio Solution File, Format Version 12.00
# Visual Studio Version 16
VisualStudioVersion = 16.0.29519.87
MinimumVisualStudioVersion = 10.0.40219.1
Project("{FAE04EC0-301F-11D3-BF4B-00C04F79EFBC}") = "FizzBuzz", "FizzBuzz\FizzBuzz.csproj", "{DC1B2826-41D0-4D50-93F6-79E05EB26EFB}"
EndProject
Project("{FAE04EC0-301F-11D3-BF4B-00C04F79EFBC}") = "FizzBuzz.Test", "FizzBuzz.Test\FizzBuzz.Test.csproj", "{47D0F826-0179-4582-B73C-4F3D436495B9}"
EndProject
Global
	GlobalSection(SolutionConfigurationPlatforms) = preSolution
		Debug|Any CPU = Debug|Any CPU
		Release|Any CPU = Release|Any CPU
	EndGlobalSection
	GlobalSection(ProjectConfigurationPlatforms) = postSolution
		{DC1B2826-41D0-4D50-93F6-79E05EB26EFB}.Debug|Any CPU.ActiveCfg = Debug|Any CPU
		{DC1B2826-41D0-4D50-93F6-79E05EB26EFB}.Debug|Any CPU.Build.0 = Debug|Any CPU
		{DC1B2826-41D0-4D50-93F6-79E05EB26EFB}.Release|Any CPU.ActiveCfg = Release|Any CPU
		{DC1B2826-41D0-4D50-93F6-79E05EB26EFB}.Release|Any CPU.Build.0 = Release|Any CPU
		{47D0F826-0179-4582-B73C-4F3D436495B9}.Debug|Any CPU.ActiveCfg = Debug|Any CPU
		{47D0F826-0179-4582-B73C-4F3D436495B9}.Debug|Any CPU.Build.0 = Debug|Any CPU
		{47D0F826-0179-4582-B73C-4F3D436495B9}.Release|Any CPU.ActiveCfg = Release|Any CPU
		{47D0F826-0179-4582-B73C-4F3D436495B9}.Release|Any CPU.Build.0 = Release|Any CPU
	EndGlobalSection
	GlobalSection(SolutionProperties) = preSolution
		HideSolutionNode = FALSE
	EndGlobalSection
	GlobalSection(ExtensibilityGlobals) = postSolution
		SolutionGuid = {5EF078B2-E7AD-4FA3-95C3-CBA325E7F636}
	EndGlobalSection
EndGlobal
